
Microsoft Visual Studio Solution File, Format Version 12.00
# Visual Studio 15
VisualStudioVersion = 15.0.27428.2015
MinimumVisualStudioVersion = 10.0.40219.1
Project("{FAE04EC0-301F-11D3-BF4B-00C04F79EFBC}") = "ReactiveUseControlBindingSample", "ReactiveUseControlBindingSample\ReactiveUseControlBindingSample.csproj", "{B55CCDBC-6411-4C00-8286-78B2DB52FBC6}"
EndProject
Global
	GlobalSection(SolutionConfigurationPlatforms) = preSolution
		Debug|Any CPU = Debug|Any CPU
		Release|Any CPU = Release|Any CPU
	EndGlobalSection
	GlobalSection(ProjectConfigurationPlatforms) = postSolution
		{B55CCDBC-6411-4C00-8286-78B2DB52FBC6}.Debug|Any CPU.ActiveCfg = Debug|Any CPU
		{B55CCDBC-6411-4C00-8286-78B2DB52FBC6}.Debug|Any CPU.Build.0 = Debug|Any CPU
		{B55CCDBC-6411-4C00-8286-78B2DB52FBC6}.Release|Any CPU.ActiveCfg = Release|Any CPU
		{B55CCDBC-6411-4C00-8286-78B2DB52FBC6}.Release|Any CPU.Build.0 = Release|Any CPU
	EndGlobalSection
	GlobalSection(SolutionProperties) = preSolution
		HideSolutionNode = FALSE
	EndGlobalSection
	GlobalSection(ExtensibilityGlobals) = postSolution
		SolutionGuid = {C89E9AF0-8AB1-44CF-AAC0-FCBA8A4AB79B}
	EndGlobalSection
EndGlobal
